PODS:
  - gitlabclient (0.0.4):
    - HTTPStatusCodes (~> 3.1)
    - Result (~> 3.1)
    - Unbox (~> 2.3)
  - HTTPStatusCodes (3.1.0)
  - Result (3.1.0)
  - Unbox (2.3.0)

DEPENDENCIES:
  - gitlabclient (from `../`)

EXTERNAL SOURCES:
  gitlabclient:
    :path: "../"

SPEC CHECKSUMS:
  gitlabclient: ea0bd5076e83bb79eea4a6d1f7ff824d844deb7a
  HTTPStatusCodes: e0747e2497f1c887944a306b7d7122cb2a01f553
  Result: 4e3ed5995ed94d0cd6a09be9a431fce3f3624bbf
  Unbox: 5ba1966ebe99b5d568d432626323331eedd33458

PODFILE CHECKSUM: 5ff65263c3e6912029a1e3c7e36f264ecf01642e

COCOAPODS: 1.1.1
